
Microsoft Visual Studio Solution File, Format Version 12.00
# Visual Studio Version 17
VisualStudioVersion = 17.1.32421.90
MinimumVisualStudioVersion = 10.0.40219.1
Project("{FAE04EC0-301F-11D3-BF4B-00C04F79EFBC}") = "HRIS", "WindowsFormsApp5\HRIS.csproj", "{FAE6EC9A-7F49-4742-B3E8-A4FF99EDA404}"
EndProject
Global
	GlobalSection(SolutionConfigurationPlatforms) = preSolution
		Debug|Any CPU = Debug|Any CPU
		Release|Any CPU = Release|Any CPU
	EndGlobalSection
	GlobalSection(ProjectConfigurationPlatforms) = postSolution
		{FAE6EC9A-7F49-4742-B3E8-A4FF99EDA404}.Debug|Any CPU.ActiveCfg = Debug|Any CPU
		{FAE6EC9A-7F49-4742-B3E8-A4FF99EDA404}.Debug|Any CPU.Build.0 = Debug|Any CPU
		{FAE6EC9A-7F49-4742-B3E8-A4FF99EDA404}.Release|Any CPU.ActiveCfg = Release|Any CPU
		{FAE6EC9A-7F49-4742-B3E8-A4FF99EDA404}.Release|Any CPU.Build.0 = Release|Any CPU
	EndGlobalSection
	GlobalSection(SolutionProperties) = preSolution
		HideSolutionNode = FALSE
	EndGlobalSection
	GlobalSection(ExtensibilityGlobals) = postSolution
		SolutionGuid = {917965CA-4A06-4B7E-BC83-08F272129438}
	EndGlobalSection
EndGlobal
